// !$*UTF8*$!
{
	archiveVersion = 1;
	classes = {
	};
	objectVersion = 50;
	objects = {

/* Begin PBXBuildFile section */
		105DA5952143F36600056EB5 /* Storage.framework in Frameworks */ = {isa = PBXBuildFile; fileRef = 105DA58F2143F35400056EB5 /* Storage.framework */; };
		105DA5962143F36600056EB5 /* Storage.framework in Embed Frameworks */ = {isa = PBXBuildFile; fileRef = 105DA58F2143F35400056EB5 /* Storage.framework */; settings = {ATTRIBUTES = (CodeSignOnCopy, RemoveHeadersOnCopy, ); }; };
		105DA5A32143F3B700056EB5 /* Api.framework in Frameworks */ = {isa = PBXBuildFile; fileRef = 105DA5A12143F3B400056EB5 /* Api.framework */; };
		105DA5A42143F3B700056EB5 /* Api.framework in Embed Frameworks */ = {isa = PBXBuildFile; fileRef = 105DA5A12143F3B400056EB5 /* Api.framework */; settings = {ATTRIBUTES = (CodeSignOnCopy, RemoveHeadersOnCopy, ); }; };
		106D86212143AAB90080EFAC /* AppDelegate.swift in Sources */ = {isa = PBXBuildFile; fileRef = 106D86202143AAB90080EFAC /* AppDelegate.swift */; };
		106D86232143AAB90080EFAC /* ViewController.swift in Sources */ = {isa = PBXBuildFile; fileRef = 106D86222143AAB90080EFAC /* ViewController.swift */; };
		106D86262143AAB90080EFAC /* Main.storyboard in Resources */ = {isa = PBXBuildFile; fileRef = 106D86242143AAB90080EFAC /* Main.storyboard */; };
		106D862B2143AAB90080EFAC /* Assets.xcassets in Resources */ = {isa = PBXBuildFile; fileRef = 106D862A2143AAB90080EFAC /* Assets.xcassets */; };
		106D862E2143AAB90080EFAC /* LaunchScreen.storyboard in Resources */ = {isa = PBXBuildFile; fileRef = 106D862C2143AAB90080EFAC /* LaunchScreen.storyboard */; };
		106D86392143AAB90080EFAC /* MovieGoTests.swift in Sources */ = {isa = PBXBuildFile; fileRef = 106D86382143AAB90080EFAC /* MovieGoTests.swift */; };
		E2C0AA2EAF459C34F52CA708 /* Pods_MovieGo.framework in Frameworks */ = {isa = PBXBuildFile; fileRef = 686AA3F2F5CAB5BC2CBF45F8 /* Pods_MovieGo.framework */; };
/* End PBXBuildFile section */

/* Begin PBXContainerItemProxy section */
		106D86352143AAB90080EFAC /* PBXContainerItemProxy */ = {
			isa = PBXContainerItemProxy;
			containerPortal = 106D86152143AAB80080EFAC /* Project object */;
			proxyType = 1;
			remoteGlobalIDString = 106D861C2143AAB80080EFAC;
			remoteInfo = MovieGo;
		};
/* End PBXContainerItemProxy section */

/* Begin PBXCopyFilesBuildPhase section */
		105DA5942143F36200056EB5 /* Embed Frameworks */ = {
			isa = PBXCopyFilesBuildPhase;
			buildActionMask = 2147483647;
			dstPath = "";
			dstSubfolderSpec = 10;
			files = (
				105DA5962143F36600056EB5 /* Storage.framework in Embed Frameworks */,
				105DA5A42143F3B700056EB5 /* Api.framework in Embed Frameworks */,
			);
			name = "Embed Frameworks";
			runOnlyForDeploymentPostprocessing = 0;
		};
/* End PBXCopyFilesBuildPhase section */

/* Begin PBXFileReference section */
		031371DF275CAEB9CA6DDAA6 /* Pods-MovieGo.debug.xcconfig */ = {isa = PBXFileReference; includeInIndex = 1; lastKnownFileType = text.xcconfig; name = "Pods-MovieGo.debug.xcconfig"; path = "Pods/Target Support Files/Pods-MovieGo/Pods-MovieGo.debug.xcconfig"; sourceTree = "<group>"; };
		105DA5572143EE2300056EB5 /* MovieGo.entitlements */ = {isa = PBXFileReference; lastKnownFileType = text.plist.entitlements; path = MovieGo.entitlements; sourceTree = "<group>"; };
		105DA58F2143F35400056EB5 /* Storage.framework */ = {isa = PBXFileReference; explicitFileType = wrapper.framework; path = Storage.framework; sourceTree = BUILT_PRODUCTS_DIR; };
		105DA5A12143F3B400056EB5 /* Api.framework */ = {isa = PBXFileReference; explicitFileType = wrapper.framework; path = Api.framework; sourceTree = BUILT_PRODUCTS_DIR; };
		106D861D2143AAB80080EFAC /* MovieGo.app */ = {isa = PBXFileReference; explicitFileType = wrapper.application; includeInIndex = 0; path = MovieGo.app; sourceTree = BUILT_PRODUCTS_DIR; };
		106D86202143AAB90080EFAC /* AppDelegate.swift */ = {isa = PBXFileReference; lastKnownFileType = sourcecode.swift; path = AppDelegate.swift; sourceTree = "<group>"; };
		106D86222143AAB90080EFAC /* ViewController.swift */ = {isa = PBXFileReference; lastKnownFileType = sourcecode.swift; path = ViewController.swift; sourceTree = "<group>"; };
		106D86252143AAB90080EFAC /* Base */ = {isa = PBXFileReference; lastKnownFileType = file.storyboard; name = Base; path = Base.lproj/Main.storyboard; sourceTree = "<group>"; };
		106D862A2143AAB90080EFAC /* Assets.xcassets */ = {isa = PBXFileReference; lastKnownFileType = folder.assetcatalog; path = Assets.xcassets; sourceTree = "<group>"; };
		106D862D2143AAB90080EFAC /* Base */ = {isa = PBXFileReference; lastKnownFileType = file.storyboard; name = Base; path = Base.lproj/LaunchScreen.storyboard; sourceTree = "<group>"; };
		106D862F2143AAB90080EFAC /* Info.plist */ = {isa = PBXFileReference; lastKnownFileType = text.plist.xml; path = Info.plist; sourceTree = "<group>"; };
		106D86342143AAB90080EFAC /* MovieGoTests.xctest */ = {isa = PBXFileReference; explicitFileType = wrapper.cfbundle; includeInIndex = 0; path = MovieGoTests.xctest; sourceTree = BUILT_PRODUCTS_DIR; };
		106D86382143AAB90080EFAC /* MovieGoTests.swift */ = {isa = PBXFileReference; lastKnownFileType = sourcecode.swift; path = MovieGoTests.swift; sourceTree = "<group>"; };
		106D863A2143AAB90080EFAC /* Info.plist */ = {isa = PBXFileReference; lastKnownFileType = text.plist.xml; path = Info.plist; sourceTree = "<group>"; };
		686AA3F2F5CAB5BC2CBF45F8 /* Pods_MovieGo.framework */ = {isa = PBXFileReference; explicitFileType = wrapper.framework; includeInIndex = 0; path = Pods_MovieGo.framework; sourceTree = BUILT_PRODUCTS_DIR; };
		7717857F7D551D99CC415FF3 /* Pods_MovieGoTests.framework */ = {isa = PBXFileReference; explicitFileType = wrapper.framework; includeInIndex = 0; path = Pods_MovieGoTests.framework; sourceTree = BUILT_PRODUCTS_DIR; };
		FBC3E064339F67766F8841B1 /* Pods-MovieGo.release.xcconfig */ = {isa = PBXFileReference; includeInIndex = 1; lastKnownFileType = text.xcconfig; name = "Pods-MovieGo.release.xcconfig"; path = "Pods/Target Support Files/Pods-MovieGo/Pods-MovieGo.release.xcconfig"; sourceTree = "<group>"; };
/* End PBXFileReference section */

/* Begin PBXFrameworksBuildPhase section */
		106D861A2143AAB80080EFAC /* Frameworks */ = {
			isa = PBXFrameworksBuildPhase;
			buildActionMask = 2147483647;
			files = (
				E2C0AA2EAF459C34F52CA708 /* Pods_MovieGo.framework in Frameworks */,
				105DA5952143F36600056EB5 /* Storage.framework in Frameworks */,
				105DA5A32143F3B700056EB5 /* Api.framework in Frameworks */,
			);
			runOnlyForDeploymentPostprocessing = 0;
		};
		106D86312143AAB90080EFAC /* Frameworks */ = {
			isa = PBXFrameworksBuildPhase;
			buildActionMask = 2147483647;
			files = (
			);
			runOnlyForDeploymentPostprocessing = 0;
		};
/* End PBXFrameworksBuildPhase section */

/* Begin PBXGroup section */
		105DA5512143EA5C00056EB5 /* Application */ = {
			isa = PBXGroup;
			children = (
				106D86202143AAB90080EFAC /* AppDelegate.swift */,
			);
			path = Application;
			sourceTree = "<group>";
		};
		106D86142143AAB80080EFAC = {
			isa = PBXGroup;
			children = (
				106D861F2143AAB80080EFAC /* MovieGo */,
				106D86372143AAB90080EFAC /* MovieGoTests */,
				106D861E2143AAB80080EFAC /* Products */,
				25D0CB37EF6843E8A82979DE /* Pods */,
				E9BD66EACEF7782C53AAD89E /* Frameworks */,
			);
			sourceTree = "<group>";
		};
		106D861E2143AAB80080EFAC /* Products */ = {
			isa = PBXGroup;
			children = (
				106D861D2143AAB80080EFAC /* MovieGo.app */,
				106D86342143AAB90080EFAC /* MovieGoTests.xctest */,
			);
			name = Products;
			sourceTree = "<group>";
		};
		106D861F2143AAB80080EFAC /* MovieGo */ = {
			isa = PBXGroup;
			children = (
				105DA5572143EE2300056EB5 /* MovieGo.entitlements */,
				105DA5512143EA5C00056EB5 /* Application */,
				106D86222143AAB90080EFAC /* ViewController.swift */,
				106D86242143AAB90080EFAC /* Main.storyboard */,
				106D862A2143AAB90080EFAC /* Assets.xcassets */,
				106D862C2143AAB90080EFAC /* LaunchScreen.storyboard */,
				106D862F2143AAB90080EFAC /* Info.plist */,
			);
			path = MovieGo;
			sourceTree = "<group>";
		};
		106D86372143AAB90080EFAC /* MovieGoTests */ = {
			isa = PBXGroup;
			children = (
				106D86382143AAB90080EFAC /* MovieGoTests.swift */,
				106D863A2143AAB90080EFAC /* Info.plist */,
			);
			path = MovieGoTests;
			sourceTree = "<group>";
		};
		25D0CB37EF6843E8A82979DE /* Pods */ = {
			isa = PBXGroup;
			children = (
				031371DF275CAEB9CA6DDAA6 /* Pods-MovieGo.debug.xcconfig */,
				FBC3E064339F67766F8841B1 /* Pods-MovieGo.release.xcconfig */,
			);
			name = Pods;
			sourceTree = "<group>";
		};
		E9BD66EACEF7782C53AAD89E /* Frameworks */ = {
			isa = PBXGroup;
			children = (
				105DA5A12143F3B400056EB5 /* Api.framework */,
				105DA58F2143F35400056EB5 /* Storage.framework */,
				686AA3F2F5CAB5BC2CBF45F8 /* Pods_MovieGo.framework */,
				7717857F7D551D99CC415FF3 /* Pods_MovieGoTests.framework */,
			);
			name = Frameworks;
			sourceTree = "<group>";
		};
/* End PBXGroup section */

/* Begin PBXNativeTarget section */
		106D861C2143AAB80080EFAC /* MovieGo */ = {
			isa = PBXNativeTarget;
			buildConfigurationList = 106D863D2143AAB90080EFAC /* Build configuration list for PBXNativeTarget "MovieGo" */;
			buildPhases = (
				34A1B28EEC7DAFE4ACD0B6DE /* [CP] Check Pods Manifest.lock */,
				106D86192143AAB80080EFAC /* Sources */,
				106D861A2143AAB80080EFAC /* Frameworks */,
				106D861B2143AAB80080EFAC /* Resources */,
				105DA5942143F36200056EB5 /* Embed Frameworks */,
				BA31D8391AB188D280834415 /* [CP] Embed Pods Frameworks */,
			);
			buildRules = (
			);
			dependencies = (
			);
			name = MovieGo;
			productName = MovieGo;
			productReference = 106D861D2143AAB80080EFAC /* MovieGo.app */;
			productType = "com.apple.product-type.application";
		};
		106D86332143AAB90080EFAC /* MovieGoTests */ = {
			isa = PBXNativeTarget;
			buildConfigurationList = 106D86402143AAB90080EFAC /* Build configuration list for PBXNativeTarget "MovieGoTests" */;
			buildPhases = (
				106D86302143AAB90080EFAC /* Sources */,
				106D86312143AAB90080EFAC /* Frameworks */,
				106D86322143AAB90080EFAC /* Resources */,
			);
			buildRules = (
			);
			dependencies = (
				106D86362143AAB90080EFAC /* PBXTargetDependency */,
			);
			name = MovieGoTests;
			productName = MovieGoTests;
			productReference = 106D86342143AAB90080EFAC /* MovieGoTests.xctest */;
			productType = "com.apple.product-type.bundle.unit-test";
		};
/* End PBXNativeTarget section */

/* Begin PBXProject section */
		106D86152143AAB80080EFAC /* Project object */ = {
			isa = PBXProject;
			attributes = {
				LastSwiftUpdateCheck = 0940;
				LastUpgradeCheck = 0940;
				ORGANIZATIONNAME = Azisseno;
				TargetAttributes = {
					106D861C2143AAB80080EFAC = {
						CreatedOnToolsVersion = 9.4.1;
						SystemCapabilities = {
							com.apple.ApplicationGroups.iOS = {
								enabled = 1;
							};
						};
					};
					106D86332143AAB90080EFAC = {
						CreatedOnToolsVersion = 9.4.1;
						TestTargetID = 106D861C2143AAB80080EFAC;
					};
				};
			};
			buildConfigurationList = 106D86182143AAB80080EFAC /* Build configuration list for PBXProject "MovieGo" */;
			compatibilityVersion = "Xcode 9.3";
			developmentRegion = en;
			hasScannedForEncodings = 0;
			knownRegions = (
				en,
				Base,
			);
			mainGroup = 106D86142143AAB80080EFAC;
			productRefGroup = 106D861E2143AAB80080EFAC /* Products */;
			projectDirPath = "";
			projectRoot = "";
			targets = (
				106D861C2143AAB80080EFAC /* MovieGo */,
				106D86332143AAB90080EFAC /* MovieGoTests */,
			);
		};
/* End PBXProject section */

/* Begin PBXResourcesBuildPhase section */
		106D861B2143AAB80080EFAC /* Resources */ = {
			isa = PBXResourcesBuildPhase;
			buildActionMask = 2147483647;
			files = (
				106D862E2143AAB90080EFAC /* LaunchScreen.storyboard in Resources */,
				106D862B2143AAB90080EFAC /* Assets.xcassets in Resources */,
				106D86262143AAB90080EFAC /* Main.storyboard in Resources */,
			);
			runOnlyForDeploymentPostprocessing = 0;
		};
		106D86322143AAB90080EFAC /* Resources */ = {
			isa = PBXResourcesBuildPhase;
			buildActionMask = 2147483647;
			files = (
			);
			runOnlyForDeploymentPostprocessing = 0;
		};
/* End PBXResourcesBuildPhase section */

/* Begin PBXShellScriptBuildPhase section */
		34A1B28EEC7DAFE4ACD0B6DE /* [CP] Check Pods Manifest.lock */ = {
			isa = PBXShellScriptBuildPhase;
			buildActionMask = 2147483647;
			files = (
			);
			inputPaths = (
				"${PODS_PODFILE_DIR_PATH}/Podfile.lock",
				"${PODS_ROOT}/Manifest.lock",
			);
			name = "[CP] Check Pods Manifest.lock";
			outputPaths = (
				"$(DERIVED_FILE_DIR)/Pods-MovieGo-checkManifestLockResult.txt",
			);
			runOnlyForDeploymentPostprocessing = 0;
			shellPath = /bin/sh;
			shellScript = "diff \"${PODS_PODFILE_DIR_PATH}/Podfile.lock\" \"${PODS_ROOT}/Manifest.lock\" > /dev/null\nif [ $? != 0 ] ; then\n    # print error to STDERR\n    echo \"error: The sandbox is not in sync with the Podfile.lock. Run 'pod install' or update your CocoaPods installation.\" >&2\n    exit 1\nfi\n# This output is used by Xcode 'outputs' to avoid re-running this script phase.\necho \"SUCCESS\" > \"${SCRIPT_OUTPUT_FILE_0}\"\n";
			showEnvVarsInLog = 0;
		};
		BA31D8391AB188D280834415 /* [CP] Embed Pods Frameworks */ = {
			isa = PBXShellScriptBuildPhase;
			buildActionMask = 2147483647;
			files = (
			);
			inputPaths = (
				"${SRCROOT}/Pods/Target Support Files/Pods-MovieGo/Pods-MovieGo-frameworks.sh",
				"${BUILT_PRODUCTS_DIR}/Alamofire/Alamofire.framework",
			);
			name = "[CP] Embed Pods Frameworks";
			outputPaths = (
				"${TARGET_BUILD_DIR}/${FRAMEWORKS_FOLDER_PATH}/Alamofire.framework",
			);
			runOnlyForDeploymentPostprocessing = 0;
			shellPath = /bin/sh;
			shellScript = "\"${SRCROOT}/Pods/Target Support Files/Pods-MovieGo/Pods-MovieGo-frameworks.sh\"\n";
			showEnvVarsInLog = 0;
		};
/* End PBXShellScriptBuildPhase section */

/* Begin PBXSourcesBuildPhase section */
		106D86192143AAB80080EFAC /* Sources */ = {
			isa = PBXSourcesBuildPhase;
			buildActionMask = 2147483647;
			files = (
				106D86232143AAB90080EFAC /* ViewController.swift in Sources */,
				106D86212143AAB90080EFAC /* AppDelegate.swift in Sources */,
			);
			runOnlyForDeploymentPostprocessing = 0;
		};
		106D86302143AAB90080EFAC /* Sources */ = {
			isa = PBXSourcesBuildPhase;
			buildActionMask = 2147483647;
			files = (
				106D86392143AAB90080EFAC /* MovieGoTests.swift in Sources */,
			);
			runOnlyForDeploymentPostprocessing = 0;
		};
/* End PBXSourcesBuildPhase section */

/* Begin PBXTargetDependency section */
		106D86362143AAB90080EFAC /* PBXTargetDependency */ = {
			isa = PBXTargetDependency;
			target = 106D861C2143AAB80080EFAC /* MovieGo */;
			targetProxy = 106D86352143AAB90080EFAC /* PBXContainerItemProxy */;
		};
/* End PBXTargetDependency section */

/* Begin PBXVariantGroup section */
		106D86242143AAB90080EFAC /* Main.storyboard */ = {
			isa = PBXVariantGroup;
			children = (
				106D86252143AAB90080EFAC /* Base */,
			);
			name = Main.storyboard;
			sourceTree = "<group>";
		};
		106D862C2143AAB90080EFAC /* LaunchScreen.storyboard */ = {
			isa = PBXVariantGroup;
			children = (
				106D862D2143AAB90080EFAC /* Base */,
			);
			name = LaunchScreen.storyboard;
			sourceTree = "<group>";
		};
/* End PBXVariantGroup section */

/* Begin XCBuildConfiguration section */
		106D863B2143AAB90080EFAC /* Debug */ = {
			isa = XCBuildConfiguration;
			buildSettings = {
				ALWAYS_SEARCH_USER_PATHS = NO;
				CLANG_ANALYZER_NONNULL = YES;
				CLANG_ANALYZER_NUMBER_OBJECT_CONVERSION = YES_AGGRESSIVE;
				CLANG_CXX_LANGUAGE_STANDARD = "gnu++14";
				CLANG_CXX_LIBRARY = "libc++";
				CLANG_ENABLE_MODULES = YES;
				CLANG_ENABLE_OBJC_ARC = YES;
				CLANG_ENABLE_OBJC_WEAK = YES;
				CLANG_WARN_BLOCK_CAPTURE_AUTORELEASING = YES;
				CLANG_WARN_BOOL_CONVERSION = YES;
				CLANG_WARN_COMMA = YES;
				CLANG_WARN_CONSTANT_CONVERSION = YES;
				CLANG_WARN_DEPRECATED_OBJC_IMPLEMENTATIONS = YES;
				CLANG_WARN_DIRECT_OBJC_ISA_USAGE = YES_ERROR;
				CLANG_WARN_DOCUMENTATION_COMMENTS = YES;
				CLANG_WARN_EMPTY_BODY = YES;
				CLANG_WARN_ENUM_CONVERSION = YES;
				CLANG_WARN_INFINITE_RECURSION = YES;
				CLANG_WARN_INT_CONVERSION = YES;
				CLANG_WARN_NON_LITERAL_NULL_CONVERSION = YES;
				CLANG_WARN_OBJC_IMPLICIT_RETAIN_SELF = YES;
				CLANG_WARN_OBJC_LITERAL_CONVERSION = YES;
				CLANG_WARN_OBJC_ROOT_CLASS = YES_ERROR;
				CLANG_WARN_RANGE_LOOP_ANALYSIS = YES;
				CLANG_WARN_STRICT_PROTOTYPES = YES;
				CLANG_WARN_SUSPICIOUS_MOVE = YES;
				CLANG_WARN_UNGUARDED_AVAILABILITY = YES_AGGRESSIVE;
				CLANG_WARN_UNREACHABLE_CODE = YES;
				CLANG_WARN__DUPLICATE_METHOD_MATCH = YES;
				CODE_SIGN_IDENTITY = "iPhone Developer";
				COPY_PHASE_STRIP = NO;
				DEBUG_INFORMATION_FORMAT = dwarf;
				ENABLE_STRICT_OBJC_MSGSEND = YES;
				ENABLE_TESTABILITY = YES;
				GCC_C_LANGUAGE_STANDARD = gnu11;
				GCC_DYNAMIC_NO_PIC = NO;
				GCC_NO_COMMON_BLOCKS = YES;
				GCC_OPTIMIZATION_LEVEL = 0;
				GCC_PREPROCESSOR_DEFINITIONS = (
					"DEBUG=1",
					"$(inherited)",
				);
				GCC_WARN_64_TO_32_BIT_CONVERSION = YES;
				GCC_WARN_ABOUT_RETURN_TYPE = YES_ERROR;
				GCC_WARN_UNDECLARED_SELECTOR = YES;
				GCC_WARN_UNINITIALIZED_AUTOS = YES_AGGRESSIVE;
				GCC_WARN_UNUSED_FUNCTION = YES;
				GCC_WARN_UNUSED_VARIABLE = YES;
				IPHONEOS_DEPLOYMENT_TARGET = 11.4;
				MTL_ENABLE_DEBUG_INFO = YES;
				ONLY_ACTIVE_ARCH = YES;
				SDKROOT = iphoneos;
				SWIFT_ACTIVE_COMPILATION_CONDITIONS = DEBUG;
				SWIFT_OPTIMIZATION_LEVEL = "-Onone";
			};
			name = Debug;
		};
		106D863C2143AAB90080EFAC /* Release */ = {
			isa = XCBuildConfiguration;
			buildSettings = {
				ALWAYS_SEARCH_USER_PATHS = NO;
				CLANG_ANALYZER_NONNULL = YES;
				CLANG_ANALYZER_NUMBER_OBJECT_CONVERSION = YES_AGGRESSIVE;
				CLANG_CXX_LANGUAGE_STANDARD = "gnu++14";
				CLANG_CXX_LIBRARY = "libc++";
				CLANG_ENABLE_MODULES = YES;
				CLANG_ENABLE_OBJC_ARC = YES;
				CLANG_ENABLE_OBJC_WEAK = YES;
				CLANG_WARN_BLOCK_CAPTURE_AUTORELEASING = YES;
				CLANG_WARN_BOOL_CONVERSION = YES;
				CLANG_WARN_COMMA = YES;
				CLANG_WARN_CONSTANT_CONVERSION = YES;
				CLANG_WARN_DEPRECATED_OBJC_IMPLEMENTATIONS = YES;
				CLANG_WARN_DIRECT_OBJC_ISA_USAGE = YES_ERROR;
				CLANG_WARN_DOCUMENTATION_COMMENTS = YES;
				CLANG_WARN_EMPTY_BODY = YES;
				CLANG_WARN_ENUM_CONVERSION = YES;
				CLANG_WARN_INFINITE_RECURSION = YES;
				CLANG_WARN_INT_CONVERSION = YES;
				CLANG_WARN_NON_LITERAL_NULL_CONVERSION = YES;
				CLANG_WARN_OBJC_IMPLICIT_RETAIN_SELF = YES;
				CLANG_WARN_OBJC_LITERAL_CONVERSION = YES;
				CLANG_WARN_OBJC_ROOT_CLASS = YES_ERROR;
				CLANG_WARN_RANGE_LOOP_ANALYSIS = YES;
				CLANG_WARN_STRICT_PROTOTYPES = YES;
				CLANG_WARN_SUSPICIOUS_MOVE = YES;
				CLANG_WARN_UNGUARDED_AVAILABILITY = YES_AGGRESSIVE;
				CLANG_WARN_UNREACHABLE_CODE = YES;
				CLANG_WARN__DUPLICATE_METHOD_MATCH = YES;
				CODE_SIGN_IDENTITY = "iPhone Developer";
				COPY_PHASE_STRIP = NO;
				DEBUG_INFORMATION_FORMAT = "dwarf-with-dsym";
				ENABLE_NS_ASSERTIONS = NO;
				ENABLE_STRICT_OBJC_MSGSEND = YES;
				GCC_C_LANGUAGE_STANDARD = gnu11;
				GCC_NO_COMMON_BLOCKS = YES;
				GCC_WARN_64_TO_32_BIT_CONVERSION = YES;
				GCC_WARN_ABOUT_RETURN_TYPE = YES_ERROR;
				GCC_WARN_UNDECLARED_SELECTOR = YES;
				GCC_WARN_UNINITIALIZED_AUTOS = YES_AGGRESSIVE;
				GCC_WARN_UNUSED_FUNCTION = YES;
				GCC_WARN_UNUSED_VARIABLE = YES;
				IPHONEOS_DEPLOYMENT_TARGET = 11.4;
				MTL_ENABLE_DEBUG_INFO = NO;
				SDKROOT = iphoneos;
				SWIFT_COMPILATION_MODE = wholemodule;
				SWIFT_OPTIMIZATION_LEVEL = "-O";
				VALIDATE_PRODUCT = YES;
			};
			name = Release;
		};
		106D863E2143AAB90080EFAC /* Debug */ = {
			isa = XCBuildConfiguration;
			baseConfigurationReference = 031371DF275CAEB9CA6DDAA6 /* Pods-MovieGo.debug.xcconfig */;
			buildSettings = {
				ASSETCATALOG_COMPILER_APPICON_NAME = AppIcon;
				CODE_SIGN_ENTITLEMENTS = MovieGo/MovieGo.entitlements;
				CODE_SIGN_STYLE = Automatic;
				DEVELOPMENT_TEAM = 7TK32MKP4J;
				INFOPLIST_FILE = MovieGo/Info.plist;
				IPHONEOS_DEPLOYMENT_TARGET = 9.0;
				LD_RUNPATH_SEARCH_PATHS = (
					"$(inherited)",
					"@executable_path/Frameworks",
				);
				PRODUCT_BUNDLE_IDENTIFIER = com.azisseno.careemassignment.MovieGo;
				PRODUCT_NAME = "$(TARGET_NAME)";
				SWIFT_VERSION = 4.0;
				TARGETED_DEVICE_FAMILY = "1,2";
			};
			name = Debug;
		};
		106D863F2143AAB90080EFAC /* Release */ = {
			isa = XCBuildConfiguration;
			baseConfigurationReference = FBC3E064339F67766F8841B1 /* Pods-MovieGo.release.xcconfig */;
			buildSettings = {
				ASSETCATALOG_COMPILER_APPICON_NAME = AppIcon;
				CODE_SIGN_ENTITLEMENTS = MovieGo/MovieGo.entitlements;
				CODE_SIGN_STYLE = Automatic;
				DEVELOPMENT_TEAM = 7TK32MKP4J;
				INFOPLIST_FILE = MovieGo/Info.plist;
				IPHONEOS_DEPLOYMENT_TARGET = 9.0;
				LD_RUNPATH_SEARCH_PATHS = (
					"$(inherited)",
					"@executable_path/Frameworks",
				);
				PRODUCT_BUNDLE_IDENTIFIER = com.azisseno.careemassignment.MovieGo;
				PRODUCT_NAME = "$(TARGET_NAME)";
				SWIFT_VERSION = 4.0;
				TARGETED_DEVICE_FAMILY = "1,2";
			};
			name = Release;
		};
		106D86412143AAB90080EFAC /* Debug */ = {
			isa = XCBuildConfiguration;
			buildSettings = {
				ALWAYS_EMBED_SWIFT_STANDARD_LIBRARIES = YES;
				BUNDLE_LOADER = "$(TEST_HOST)";
				CODE_SIGN_STYLE = Automatic;
				DEVELOPMENT_TEAM = 7TK32MKP4J;
				INFOPLIST_FILE = MovieGoTests/Info.plist;
				LD_RUNPATH_SEARCH_PATHS = (
					"$(inherited)",
					"@executable_path/Frameworks",
					"@loader_path/Frameworks",
				);
				PRODUCT_BUNDLE_IDENTIFIER = com.azisseno.careemassignment.MovieGoTests;
				PRODUCT_NAME = "$(TARGET_NAME)";
				SWIFT_VERSION = 4.0;
				TARGETED_DEVICE_FAMILY = "1,2";
				TEST_HOST = "$(BUILT_PRODUCTS_DIR)/MovieGo.app/MovieGo";
			};
			name = Debug;
		};
		106D86422143AAB90080EFAC /* Release */ = {
			isa = XCBuildConfiguration;
			buildSettings = {
				ALWAYS_EMBED_SWIFT_STANDARD_LIBRARIES = YES;
				BUNDLE_LOADER = "$(TEST_HOST)";
				CODE_SIGN_STYLE = Automatic;
				DEVELOPMENT_TEAM = 7TK32MKP4J;
				INFOPLIST_FILE = MovieGoTests/Info.plist;
				LD_RUNPATH_SEARCH_PATHS = (
					"$(inherited)",
					"@executable_path/Frameworks",
					"@loader_path/Frameworks",
				);
				PRODUCT_BUNDLE_IDENTIFIER = com.azisseno.careemassignment.MovieGoTests;
				PRODUCT_NAME = "$(TARGET_NAME)";
				SWIFT_VERSION = 4.0;
				TARGETED_DEVICE_FAMILY = "1,2";
				TEST_HOST = "$(BUILT_PRODUCTS_DIR)/MovieGo.app/MovieGo";
			};
			name = Release;
		};
/* End XCBuildConfiguration section */

/* Begin XCConfigurationList section */
		106D86182143AAB80080EFAC /* Build configuration list for PBXProject "MovieGo" */ = {
			isa = XCConfigurationList;
			buildConfigurations = (
				106D863B2143AAB90080EFAC /* Debug */,
				106D863C2143AAB90080EFAC /* Release */,
			);
			defaultConfigurationIsVisible = 0;
			defaultConfigurationName = Release;
		};
		106D863D2143AAB90080EFAC /* Build configuration list for PBXNativeTarget "MovieGo" */ = {
			isa = XCConfigurationList;
			buildConfigurations = (
				106D863E2143AAB90080EFAC /* Debug */,
				106D863F2143AAB90080EFAC /* Release */,
			);
			defaultConfigurationIsVisible = 0;
			defaultConfigurationName = Release;
		};
		106D86402143AAB90080EFAC /* Build configuration list for PBXNativeTarget "MovieGoTests" */ = {
			isa = XCConfigurationList;
			buildConfigurations = (
				106D86412143AAB90080EFAC /* Debug */,
				106D86422143AAB90080EFAC /* Release */,
			);
			defaultConfigurationIsVisible = 0;
			defaultConfigurationName = Release;
		};
/* End XCConfigurationList section */
	};
	rootObject = 106D86152143AAB80080EFAC /* Project object */;
}
